
Microsoft Visual Studio Solution File, Format Version 12.00
# Visual Studio Version 16
VisualStudioVersion = 16.0.30011.22
MinimumVisualStudioVersion = 10.0.40219.1
Project("{FAE04EC0-301F-11D3-BF4B-00C04F79EFBC}") = "Contpaqi.Sql.ADD.OtherContent", "Contpaqi.Sql.ADD.OtherContent\Contpaqi.Sql.ADD.OtherContent.csproj", "{81B1E9FE-0FB5-4ABB-A436-D3344ECAA5F9}"
EndProject
Global
	GlobalSection(SolutionConfigurationPlatforms) = preSolution
		Debug|Any CPU = Debug|Any CPU
		Release|Any CPU = Release|Any CPU
	EndGlobalSection
	GlobalSection(ProjectConfigurationPlatforms) = postSolution
		{81B1E9FE-0FB5-4ABB-A436-D3344ECAA5F9}.Debug|Any CPU.ActiveCfg = Debug|Any CPU
		{81B1E9FE-0FB5-4ABB-A436-D3344ECAA5F9}.Debug|Any CPU.Build.0 = Debug|Any CPU
		{81B1E9FE-0FB5-4ABB-A436-D3344ECAA5F9}.Release|Any CPU.ActiveCfg = Release|Any CPU
		{81B1E9FE-0FB5-4ABB-A436-D3344ECAA5F9}.Release|Any CPU.Build.0 = Release|Any CPU
	EndGlobalSection
	GlobalSection(SolutionProperties) = preSolution
		HideSolutionNode = FALSE
	EndGlobalSection
	GlobalSection(ExtensibilityGlobals) = postSolution
		SolutionGuid = {BC86529B-1BBD-4290-9189-5A34DCA4F8F7}
	EndGlobalSection
EndGlobal
